
Microsoft Visual Studio Solution File, Format Version 12.00
Project("{FAE04EC0-301F-11D3-BF4B-00C04F79EFBC}") = "fork-and-pork", "fork-and-pork\fork-and-pork.csproj", "{AC8DF8B2-C82B-4BBE-9327-75E52EB7E30E}"
EndProject
Project("{FAE04EC0-301F-11D3-BF4B-00C04F79EFBC}") = "fork-and-pork.Tests", "fork-and-pork.Tests\fork-and-pork.Tests.csproj", "{D9B78AC3-FCD7-4324-A0EA-506C4165E007}"
EndProject
Global
	GlobalSection(SolutionConfigurationPlatforms) = preSolution
		Debug|Any CPU = Debug|Any CPU
		Release|Any CPU = Release|Any CPU
	EndGlobalSection
	GlobalSection(ProjectConfigurationPlatforms) = postSolution
		{AC8DF8B2-C82B-4BBE-9327-75E52EB7E30E}.Debug|Any CPU.ActiveCfg = Debug|Any CPU
		{AC8DF8B2-C82B-4BBE-9327-75E52EB7E30E}.Debug|Any CPU.Build.0 = Debug|Any CPU
		{AC8DF8B2-C82B-4BBE-9327-75E52EB7E30E}.Release|Any CPU.ActiveCfg = Release|Any CPU
		{AC8DF8B2-C82B-4BBE-9327-75E52EB7E30E}.Release|Any CPU.Build.0 = Release|Any CPU
		{D9B78AC3-FCD7-4324-A0EA-506C4165E007}.Debug|Any CPU.ActiveCfg = Debug|Any CPU
		{D9B78AC3-FCD7-4324-A0EA-506C4165E007}.Debug|Any CPU.Build.0 = Debug|Any CPU
		{D9B78AC3-FCD7-4324-A0EA-506C4165E007}.Release|Any CPU.ActiveCfg = Release|Any CPU
		{D9B78AC3-FCD7-4324-A0EA-506C4165E007}.Release|Any CPU.Build.0 = Release|Any CPU
	EndGlobalSection
EndGlobal
